<?xml version="1.0" encoding="utf-8"?>
<Project ToolsVersion="4.0" xmlns="http://schemas.microsoft.com/developer/msbuild/2003">
  <ItemGroup>
    <ClCompile Include="..\Externals\imgui\imgui.cpp">
      <Filter>imgui</Filter>
    </ClCompile>
    <ClCompile Include="..\Externals\imgui\imgui_demo.cpp">
      <Filter>imgui</Filter>
    </ClCompile>
    <ClCompile Include="..\Externals\imgui\imgui_draw.cpp">
      <Filter>imgui</Filter>
    </ClCompile>
    <ClCompile Include="..\Externals\imgui\imgui_tables.cpp">
      <Filter>imgui</Filter>
    </ClCompile>
    <ClCompile Include="..\Externals\imgui\imgui_widgets.cpp">
      <Filter>imgui</Filter>
    </ClCompile>
    <ClCompile Include="..\Externals\MathGeoLib\include\Algorithm\Random\LCG.cpp">
      <Filter>MathGeoLib\Algorithm/Random</Filter>
    </ClCompile>
    <ClCompile Include="..\Externals\MathGeoLib\include\Geometry\AABB.cpp">
      <Filter>MathGeoLib\Geometry</Filter>
    </ClCompile>
    <ClCompile Include="..\Externals\MathGeoLib\include\Geometry\Capsule.cpp">
      <Filter>MathGeoLib\Geometry</Filter>
    </ClCompile>
    <ClCompile Include="..\Externals\MathGeoLib\include\Geometry\Circle.cpp">
      <Filter>MathGeoLib\Geometry</Filter>
    </ClCompile>
    <ClCompile Include="..\Externals\MathGeoLib\include\Geometry\Cone.cpp">
      <Filter>MathGeoLib\Geometry</Filter>
    </ClCompile>
    <ClCompile Include="..\Externals\MathGeoLib\include\Geometry\Cylinder.cpp">
      <Filter>MathGeoLib\Geometry</Filter>
    </ClCompile>
    <ClCompile Include="..\Externals\MathGeoLib\include\Geometry\Frustum.cpp">
      <Filter>MathGeoLib\Geometry</Filter>
    </ClCompile>
    <ClCompile Include="..\Externals\MathGeoLib\include\Geometry\Line.cpp">
      <Filter>MathGeoLib\Geometry</Filter>
    </ClCompile>
    <ClCompile Include="..\Externals\MathGeoLib\include\Geometry\LineSegment.cpp">
      <Filter>MathGeoLib\Geometry</Filter>
    </ClCompile>
    <ClCompile Include="..\Externals\MathGeoLib\include\Geometry\OBB.cpp">
      <Filter>MathGeoLib\Geometry</Filter>
    </ClCompile>
    <ClCompile Include="..\Externals\MathGeoLib\include\Geometry\Plane.cpp">
      <Filter>MathGeoLib\Geometry</Filter>
    </ClCompile>
    <ClCompile Include="..\Externals\MathGeoLib\include\Geometry\Polygon.cpp">
      <Filter>MathGeoLib\Geometry</Filter>
    </ClCompile>
    <ClCompile Include="..\Externals\MathGeoLib\include\Geometry\Polyhedron.cpp">
      <Filter>MathGeoLib\Geometry</Filter>
    </ClCompile>
    <ClCompile Include="..\Externals\MathGeoLib\include\Geometry\Ray.cpp">
      <Filter>MathGeoLib\Geometry</Filter>
    </ClCompile>
    <ClCompile Include="..\Externals\MathGeoLib\include\Geometry\Sphere.cpp">
      <Filter>MathGeoLib\Geometry</Filter>
    </ClCompile>
    <ClCompile Include="..\Externals\MathGeoLib\include\Geometry\Triangle.cpp">
      <Filter>MathGeoLib\Geometry</Filter>
    </ClCompile>
    <ClCompile Include="..\Externals\MathGeoLib\include\Geometry\TriangleMesh.cpp">
      <Filter>MathGeoLib\Geometry</Filter>
    </ClCompile>
    <ClCompile Include="..\Externals\MathGeoLib\include\Math\BitOps.cpp">
      <Filter>MathGeoLib\Math</Filter>
    </ClCompile>
    <ClCompile Include="..\Externals\MathGeoLib\include\Math\float2.cpp">
      <Filter>MathGeoLib\Math</Filter>
    </ClCompile>
    <ClCompile Include="..\Externals\MathGeoLib\include\Math\float3.cpp">
      <Filter>MathGeoLib\Math</Filter>
    </ClCompile>
    <ClCompile Include="..\Externals\MathGeoLib\include\Math\float3x3.cpp">
      <Filter>MathGeoLib\Math</Filter>
    </ClCompile>
    <ClCompile Include="..\Externals\MathGeoLib\include\Math\float3x4.cpp">
      <Filter>MathGeoLib\Math</Filter>
    </ClCompile>
    <ClCompile Include="..\Externals\MathGeoLib\include\Math\float4.cpp">
      <Filter>MathGeoLib\Math</Filter>
    </ClCompile>
    <ClCompile Include="..\Externals\MathGeoLib\include\Math\float4x4.cpp">
      <Filter>MathGeoLib\Math</Filter>
    </ClCompile>
    <ClCompile Include="..\Externals\MathGeoLib\include\Math\MathFunc.cpp">
      <Filter>MathGeoLib\Math</Filter>
    </ClCompile>
    <ClCompile Include="..\Externals\MathGeoLib\include\Math\MathLog.cpp">
      <Filter>MathGeoLib\Math</Filter>
    </ClCompile>
    <ClCompile Include="..\Externals\MathGeoLib\include\Math\MathOps.cpp">
      <Filter>MathGeoLib\Math</Filter>
    </ClCompile>
    <ClCompile Include="..\Externals\MathGeoLib\include\Math\Polynomial.cpp">
      <Filter>MathGeoLib\Math</Filter>
    </ClCompile>
    <ClCompile Include="..\Externals\MathGeoLib\include\Math\Quat.cpp">
      <Filter>MathGeoLib\Math</Filter>
    </ClCompile>
    <ClCompile Include="..\Externals\MathGeoLib\include\Math\SSEMath.cpp">
      <Filter>MathGeoLib\Math</Filter>
    </ClCompile>
    <ClCompile Include="..\Externals\MathGeoLib\include\Math\TransformOps.cpp">
      <Filter>MathGeoLib\Math</Filter>
    </ClCompile>
    <ClCompile Include="..\Externals\MathGeoLib\include\Time\Clock.cpp">
      <Filter>MathGeoLib\Time</Filter>
    </ClCompile>
    <ClCompile Include="..\Externals\imgui\backends\imgui_impl_opengl2.cpp">
      <Filter>imgui\impl</Filter>
    </ClCompile>
    <ClCompile Include="..\Externals\imgui\backends\imgui_impl_opengl3.cpp">
      <Filter>imgui\impl</Filter>
    </ClCompile>
    <ClCompile Include="..\Externals\imgui\backends\imgui_impl_sdl2.cpp">
      <Filter>imgui\impl</Filter>
    </ClCompile>
    <ClCompile Include="Mesh.cpp">
      <Filter>Assets</Filter>
    </ClCompile>
    <ClCompile Include="Model.cpp">
      <Filter>Assets</Filter>
    </ClCompile>
    <ClCompile Include="Application.cpp">
      <Filter>Core</Filter>
    </ClCompile>
    <ClCompile Include="Main.cpp">
      <Filter>Core</Filter>
    </ClCompile>
    <ClCompile Include="log.cpp">
      <Filter>Core</Filter>
    </ClCompile>
    <ClCompile Include="ModuleCamera.cpp">
      <Filter>Modules</Filter>
    </ClCompile>
    <ClCompile Include="ModuleDebugDraw.cpp">
      <Filter>Modules</Filter>
    </ClCompile>
    <ClCompile Include="ModuleEditor.cpp">
      <Filter>Modules</Filter>
    </ClCompile>
    <ClCompile Include="ModuleInput.cpp">
      <Filter>Modules</Filter>
    </ClCompile>
    <ClCompile Include="ModuleOpenGL.cpp">
      <Filter>Modules</Filter>
    </ClCompile>
    <ClCompile Include="ModuleProgram.cpp">
      <Filter>Modules</Filter>
    </ClCompile>
    <ClCompile Include="ModuleRenderExercise.cpp">
      <Filter>Modules</Filter>
    </ClCompile>
    <ClCompile Include="ModuleTexture.cpp">
      <Filter>Modules</Filter>
    </ClCompile>
    <ClCompile Include="ModuleWindow.cpp">
      <Filter>Modules</Filter>
    </ClCompile>
  </ItemGroup>
  <ItemGroup>
    <ClInclude Include="Globals.h" />
    <ClInclude Include="..\Externals\imgui\imconfig.h">
      <Filter>imgui</Filter>
    </ClInclude>
    <ClInclude Include="..\Externals\imgui\imgui.h">
      <Filter>imgui</Filter>
    </ClInclude>
    <ClInclude Include="..\Externals\imgui\imgui_internal.h">
      <Filter>imgui</Filter>
    </ClInclude>
    <ClInclude Include="..\Externals\imgui\imstb_rectpack.h">
      <Filter>imgui</Filter>
    </ClInclude>
    <ClInclude Include="..\Externals\imgui\imstb_textedit.h">
      <Filter>imgui</Filter>
    </ClInclude>
    <ClInclude Include="..\Externals\imgui\imstb_truetype.h">
      <Filter>imgui</Filter>
    </ClInclude>
    <ClInclude Include="..\Externals\MathGeoLib\include\MathBuildConfig.h">
      <Filter>MathGeoLib</Filter>
    </ClInclude>
    <ClInclude Include="..\Externals\MathGeoLib\include\MathGeoLib.h">
      <Filter>MathGeoLib</Filter>
    </ClInclude>
    <ClInclude Include="..\Externals\MathGeoLib\include\MathGeoLibFwd.h">
      <Filter>MathGeoLib</Filter>
    </ClInclude>
    <ClInclude Include="..\Externals\MathGeoLib\include\Algorithm\Random\LCG.h">
      <Filter>MathGeoLib\Algorithm/Random</Filter>
    </ClInclude>
    <ClInclude Include="..\Externals\MathGeoLib\include\Geometry\AABB.h">
      <Filter>MathGeoLib\Geometry</Filter>
    </ClInclude>
    <ClInclude Include="..\Externals\MathGeoLib\include\Geometry\AABB2D.h">
      <Filter>MathGeoLib\Geometry</Filter>
    </ClInclude>
    <ClInclude Include="..\Externals\MathGeoLib\include\Geometry\Capsule.h">
      <Filter>MathGeoLib\Geometry</Filter>
    </ClInclude>
    <ClInclude Include="..\Externals\MathGeoLib\include\Geometry\Circle.h">
      <Filter>MathGeoLib\Geometry</Filter>
    </ClInclude>
    <ClInclude Include="..\Externals\MathGeoLib\include\Geometry\Cone.h">
      <Filter>MathGeoLib\Geometry</Filter>
    </ClInclude>
    <ClInclude Include="..\Externals\MathGeoLib\include\Geometry\Cylinder.h">
      <Filter>MathGeoLib\Geometry</Filter>
    </ClInclude>
    <ClInclude Include="..\Externals\MathGeoLib\include\Geometry\Frustum.h">
      <Filter>MathGeoLib\Geometry</Filter>
    </ClInclude>
    <ClInclude Include="..\Externals\MathGeoLib\include\Geometry\GeometryAll.h">
      <Filter>MathGeoLib\Geometry</Filter>
    </ClInclude>
    <ClInclude Include="..\Externals\MathGeoLib\include\Geometry\GeomType.h">
      <Filter>MathGeoLib\Geometry</Filter>
    </ClInclude>
    <ClInclude Include="..\Externals\MathGeoLib\include\Geometry\HitInfo.h">
      <Filter>MathGeoLib\Geometry</Filter>
    </ClInclude>
    <ClInclude Include="..\Externals\MathGeoLib\include\Geometry\KDTree.h">
      <Filter>MathGeoLib\Geometry</Filter>
    </ClInclude>
    <ClInclude Include="..\Externals\MathGeoLib\include\Geometry\Line.h">
      <Filter>MathGeoLib\Geometry</Filter>
    </ClInclude>
    <ClInclude Include="..\Externals\MathGeoLib\include\Geometry\LineSegment.h">
      <Filter>MathGeoLib\Geometry</Filter>
    </ClInclude>
    <ClInclude Include="..\Externals\MathGeoLib\include\Geometry\OBB.h">
      <Filter>MathGeoLib\Geometry</Filter>
    </ClInclude>
    <ClInclude Include="..\Externals\MathGeoLib\include\Geometry\PBVolume.h">
      <Filter>MathGeoLib\Geometry</Filter>
    </ClInclude>
    <ClInclude Include="..\Externals\MathGeoLib\include\Geometry\Plane.h">
      <Filter>MathGeoLib\Geometry</Filter>
    </ClInclude>
    <ClInclude Include="..\Externals\MathGeoLib\include\Geometry\Polygon.h">
      <Filter>MathGeoLib\Geometry</Filter>
    </ClInclude>
    <ClInclude Include="..\Externals\MathGeoLib\include\Geometry\Polyhedron.h">
      <Filter>MathGeoLib\Geometry</Filter>
    </ClInclude>
    <ClInclude Include="..\Externals\MathGeoLib\include\Geometry\QuadTree.h">
      <Filter>MathGeoLib\Geometry</Filter>
    </ClInclude>
    <ClInclude Include="..\Externals\MathGeoLib\include\Geometry\Ray.h">
      <Filter>MathGeoLib\Geometry</Filter>
    </ClInclude>
    <ClInclude Include="..\Externals\MathGeoLib\include\Geometry\Sphere.h">
      <Filter>MathGeoLib\Geometry</Filter>
    </ClInclude>
    <ClInclude Include="..\Externals\MathGeoLib\include\Geometry\Triangle.h">
      <Filter>MathGeoLib\Geometry</Filter>
    </ClInclude>
    <ClInclude Include="..\Externals\MathGeoLib\include\Geometry\TriangleMesh.h">
      <Filter>MathGeoLib\Geometry</Filter>
    </ClInclude>
    <ClInclude Include="..\Externals\MathGeoLib\include\Math\assume.h">
      <Filter>MathGeoLib\Math</Filter>
    </ClInclude>
    <ClInclude Include="..\Externals\MathGeoLib\include\Math\BitOps.h">
      <Filter>MathGeoLib\Math</Filter>
    </ClInclude>
    <ClInclude Include="..\Externals\MathGeoLib\include\Math\Complex.h">
      <Filter>MathGeoLib\Math</Filter>
    </ClInclude>
    <ClInclude Include="..\Externals\MathGeoLib\include\Math\CoordinateAxisConvention.h">
      <Filter>MathGeoLib\Math</Filter>
    </ClInclude>
    <ClInclude Include="..\Externals\MathGeoLib\include\Math\FixedPoint.h">
      <Filter>MathGeoLib\Math</Filter>
    </ClInclude>
    <ClInclude Include="..\Externals\MathGeoLib\include\Math\float2.h">
      <Filter>MathGeoLib\Math</Filter>
    </ClInclude>
    <ClInclude Include="..\Externals\MathGeoLib\include\Math\float3.h">
      <Filter>MathGeoLib\Math</Filter>
    </ClInclude>
    <ClInclude Include="..\Externals\MathGeoLib\include\Math\float3x3.h">
      <Filter>MathGeoLib\Math</Filter>
    </ClInclude>
    <ClInclude Include="..\Externals\MathGeoLib\include\Math\float3x4.h">
      <Filter>MathGeoLib\Math</Filter>
    </ClInclude>
    <ClInclude Include="..\Externals\MathGeoLib\include\Math\float4.h">
      <Filter>MathGeoLib\Math</Filter>
    </ClInclude>
    <ClInclude Include="..\Externals\MathGeoLib\include\Math\float4_neon.h">
      <Filter>MathGeoLib\Math</Filter>
    </ClInclude>
    <ClInclude Include="..\Externals\MathGeoLib\include\Math\float4_sse.h">
      <Filter>MathGeoLib\Math</Filter>
    </ClInclude>
    <ClInclude Include="..\Externals\MathGeoLib\include\Math\float4x4.h">
      <Filter>MathGeoLib\Math</Filter>
    </ClInclude>
    <ClInclude Include="..\Externals\MathGeoLib\include\Math\float4x4_neon.h">
      <Filter>MathGeoLib\Math</Filter>
    </ClInclude>
    <ClInclude Include="..\Externals\MathGeoLib\include\Math\float4x4_sse.h">
      <Filter>MathGeoLib\Math</Filter>
    </ClInclude>
    <ClInclude Include="..\Externals\MathGeoLib\include\Math\FloatCmp.h">
      <Filter>MathGeoLib\Math</Filter>
    </ClInclude>
    <ClInclude Include="..\Externals\MathGeoLib\include\Math\MathAll.h">
      <Filter>MathGeoLib\Math</Filter>
    </ClInclude>
    <ClInclude Include="..\Externals\MathGeoLib\include\Math\MathConstants.h">
      <Filter>MathGeoLib\Math</Filter>
    </ClInclude>
    <ClInclude Include="..\Externals\MathGeoLib\include\Math\MathFunc.h">
      <Filter>MathGeoLib\Math</Filter>
    </ClInclude>
    <ClInclude Include="..\Externals\MathGeoLib\include\Math\MathLog.h">
      <Filter>MathGeoLib\Math</Filter>
    </ClInclude>
    <ClInclude Include="..\Externals\MathGeoLib\include\Math\MathNamespace.h">
      <Filter>MathGeoLib\Math</Filter>
    </ClInclude>
    <ClInclude Include="..\Externals\MathGeoLib\include\Math\MathTypes.h">
      <Filter>MathGeoLib\Math</Filter>
    </ClInclude>
    <ClInclude Include="..\Externals\MathGeoLib\include\Math\MatrixProxy.h">
      <Filter>MathGeoLib\Math</Filter>
    </ClInclude>
    <ClInclude Include="..\Externals\MathGeoLib\include\Math\myassert.h">
      <Filter>MathGeoLib\Math</Filter>
    </ClInclude>
    <ClInclude Include="..\Externals\MathGeoLib\include\Math\Polynomial.h">
      <Filter>MathGeoLib\Math</Filter>
    </ClInclude>
    <ClInclude Include="..\Externals\MathGeoLib\include\Math\Quat.h">
      <Filter>MathGeoLib\Math</Filter>
    </ClInclude>
    <ClInclude Include="..\Externals\MathGeoLib\include\Math\quat_simd.h">
      <Filter>MathGeoLib\Math</Filter>
    </ClInclude>
    <ClInclude Include="..\Externals\MathGeoLib\include\Math\Rect.h">
      <Filter>MathGeoLib\Math</Filter>
    </ClInclude>
    <ClInclude Include="..\Externals\MathGeoLib\include\Math\Reinterpret.h">
      <Filter>MathGeoLib\Math</Filter>
    </ClInclude>
    <ClInclude Include="..\Externals\MathGeoLib\include\Math\sse_mathfun.h">
      <Filter>MathGeoLib\Math</Filter>
    </ClInclude>
    <ClInclude Include="..\Externals\MathGeoLib\include\Math\SSEMath.h">
      <Filter>MathGeoLib\Math</Filter>
    </ClInclude>
    <ClInclude Include="..\Externals\MathGeoLib\include\Math\TransformOps.h">
      <Filter>MathGeoLib\Math</Filter>
    </ClInclude>
    <ClInclude Include="..\Externals\MathGeoLib\include\Time\Clock.h">
      <Filter>MathGeoLib\Time</Filter>
    </ClInclude>
    <ClInclude Include="debug_draw.hpp" />
    <ClInclude Include="debugdraw.h" />
    <ClInclude Include="..\Externals\imgui\backends\imgui_impl_opengl2.h">
      <Filter>imgui\impl</Filter>
    </ClInclude>
    <ClInclude Include="..\Externals\imgui\backends\imgui_impl_opengl3.h">
      <Filter>imgui\impl</Filter>
    </ClInclude>
    <ClInclude Include="..\Externals\imgui\backends\imgui_impl_opengl3_loader.h">
      <Filter>imgui\impl</Filter>
    </ClInclude>
    <ClInclude Include="..\Externals\imgui\backends\imgui_impl_sdl2.h">
      <Filter>imgui\impl</Filter>
    </ClInclude>
    <ClInclude Include="..\Externals\tinygltf-2.8.18\tiny_gltf.h">
      <Filter>tinygltf</Filter>
    </ClInclude>
    <ClInclude Include="..\Externals\tinygltf-2.8.18\json.hpp">
      <Filter>tinygltf</Filter>
    </ClInclude>
    <ClInclude Include="..\Externals\tinygltf-2.8.18\stb_image.h">
      <Filter>tinygltf</Filter>
    </ClInclude>
    <ClInclude Include="..\Externals\tinygltf-2.8.18\stb_image_write.h">
      <Filter>tinygltf</Filter>
    </ClInclude>
    <ClInclude Include="Mesh.h">
      <Filter>Assets</Filter>
    </ClInclude>
    <ClInclude Include="Model.h">
      <Filter>Assets</Filter>
    </ClInclude>
    <ClInclude Include="Application.h">
      <Filter>Core</Filter>
    </ClInclude>
    <ClInclude Include="resource.h">
      <Filter>Core</Filter>
    </ClInclude>
    <ClInclude Include="Module.h">
      <Filter>Modules</Filter>
    </ClInclude>
    <ClInclude Include="ModuleCamera.h">
      <Filter>Modules</Filter>
    </ClInclude>
    <ClInclude Include="ModuleDebugDraw.h">
      <Filter>Modules</Filter>
    </ClInclude>
    <ClInclude Include="ModuleEditor.h">
      <Filter>Modules</Filter>
    </ClInclude>
    <ClInclude Include="ModuleInput.h">
      <Filter>Modules</Filter>
    </ClInclude>
    <ClInclude Include="ModuleOpenGL.h">
      <Filter>Modules</Filter>
    </ClInclude>
    <ClInclude Include="ModuleProgram.h">
      <Filter>Modules</Filter>
    </ClInclude>
    <ClInclude Include="ModuleRenderExercise.h">
      <Filter>Modules</Filter>
    </ClInclude>
    <ClInclude Include="ModuleTexture.h">
      <Filter>Modules</Filter>
    </ClInclude>
    <ClInclude Include="ModuleWindow.h">
      <Filter>Modules</Filter>
    </ClInclude>
  </ItemGroup>
  <ItemGroup>
    <Filter Include="imgui">
      <UniqueIdentifier>{d07c32c2-2ce9-4222-8840-529f1ea20821}</UniqueIdentifier>
    </Filter>
    <Filter Include="MathGeoLib">
      <UniqueIdentifier>{ecf8e021-f6bd-457c-b842-cfc67f5194d4}</UniqueIdentifier>
    </Filter>
    <Filter Include="MathGeoLib\Algorithm/Random">
      <UniqueIdentifier>{4ee4480d-01fa-4e51-ab48-cb985c8aa3d7}</UniqueIdentifier>
    </Filter>
    <Filter Include="MathGeoLib\Geometry">
      <UniqueIdentifier>{c4ea7bf6-db0d-45df-b56c-1e5b59fd4a46}</UniqueIdentifier>
    </Filter>
    <Filter Include="MathGeoLib\Math">
      <UniqueIdentifier>{d55deabc-c267-4921-9561-08d41255bea9}</UniqueIdentifier>
    </Filter>
    <Filter Include="MathGeoLib\Time">
      <UniqueIdentifier>{e5a4e5c7-b768-4d73-a50c-8a8bd2ef30e8}</UniqueIdentifier>
    </Filter>
    <Filter Include="imgui\impl">
      <UniqueIdentifier>{37dde6d1-c771-4db7-82ec-41ffc8f6d82c}</UniqueIdentifier>
    </Filter>
    <Filter Include="tinygltf">
      <UniqueIdentifier>{0ded059a-cea9-494c-8fce-5dc81d96e01f}</UniqueIdentifier>
    </Filter>
    <Filter Include="Assets">
      <UniqueIdentifier>{d325224c-4cd2-4cae-b534-43c4e01394e2}</UniqueIdentifier>
    </Filter>
    <Filter Include="Core">
      <UniqueIdentifier>{7e2d8723-3359-40b9-86fb-bd7716249996}</UniqueIdentifier>
    </Filter>
    <Filter Include="Modules">
      <UniqueIdentifier>{2217cc61-da1d-4e01-8715-77983cdf0221}</UniqueIdentifier>
    </Filter>
    <Filter Include="TavernaLogic">
      <UniqueIdentifier>{3ef30ede-cec3-4579-b233-b2b2eeb06b71}</UniqueIdentifier>
    </Filter>
    <Filter Include="TavernaLogic\Borad">
      <UniqueIdentifier>{16fd8fe9-814e-4bd0-8fc8-7f3917cde971}</UniqueIdentifier>
    </Filter>
    <Filter Include="TavernaLogic\Player">
      <UniqueIdentifier>{4eabc232-c968-4a32-bd13-65d23ee0db54}</UniqueIdentifier>
    </Filter>
    <Filter Include="TavernaLogic\Borad\Tavern">
      <UniqueIdentifier>{e460af99-6ca3-4c15-ae5d-c8440b614c18}</UniqueIdentifier>
    </Filter>
    <Filter Include="TavernaLogic\Borad\Decks">
      <UniqueIdentifier>{3888fd62-5dd6-4eef-a4e5-418cb409c094}</UniqueIdentifier>
    </Filter>
    <Filter Include="TavernaLogic\Borad\Scores">
      <UniqueIdentifier>{61b7e03a-b932-4fa9-aedb-3d3af7b20e1f}</UniqueIdentifier>
    </Filter>
  </ItemGroup>
  <ItemGroup>
    <None Include="..\Externals\MathGeoLib\include\Geometry\KDTree.inl">
      <Filter>MathGeoLib\Geometry</Filter>
    </None>
    <None Include="..\Externals\MathGeoLib\include\Geometry\QuadTree.inl">
      <Filter>MathGeoLib\Geometry</Filter>
    </None>
    <None Include="..\Externals\MathGeoLib\include\Geometry\TriangleMesh_IntersectRay_AVX.inl">
      <Filter>MathGeoLib\Geometry</Filter>
    </None>
    <None Include="..\Externals\MathGeoLib\include\Geometry\TriangleMesh_IntersectRay_CPP.inl">
      <Filter>MathGeoLib\Geometry</Filter>
    </None>
    <None Include="..\Externals\MathGeoLib\include\Geometry\TriangleMesh_IntersectRay_SSE.inl">
      <Filter>MathGeoLib\Geometry</Filter>
    </None>
    <None Include="..\Externals\MathGeoLib\include\Math\Matrix.inl">
      <Filter>MathGeoLib\Math</Filter>
    </None>
    <None Include="packages.config">
      <Filter>Core</Filter>
    </None>
    <None Include="GlobalsTaverna.cpp">
      <Filter>TavernaLogic</Filter>
    </None>
    <None Include="GlobalsTaverna.h">
      <Filter>TavernaLogic</Filter>
    </None>
    <None Include="CamaraDeJugador.cpp">
      <Filter>TavernaLogic\Player</Filter>
    </None>
    <None Include="CamaraDeJugador.h">
      <Filter>TavernaLogic\Player</Filter>
    </None>
    <None Include="CartaDeCliente.cpp">
      <Filter>TavernaLogic\Borad\Decks</Filter>
    </None>
    <None Include="CartaDeCliente.h">
      <Filter>TavernaLogic\Borad\Decks</Filter>
    </None>
    <None Include="CartaDeFavorReal.cpp">
      <Filter>TavernaLogic\Borad\Decks</Filter>
    </None>
    <None Include="CartaDeFavorReal.h">
      <Filter>TavernaLogic\Borad\Decks</Filter>
    </None>
    <None Include="CartaDeHechizo.cpp">
      <Filter>TavernaLogic\Borad\Decks</Filter>
    </None>
    <None Include="CartaDeHechizo.h">
      <Filter>TavernaLogic\Borad\Decks</Filter>
    </None>
    <None Include="Dignatario.cpp">
      <Filter>TavernaLogic\Borad\Tavern</Filter>
    </None>
    <None Include="Dignatario.h">
      <Filter>TavernaLogic\Borad\Tavern</Filter>
    </None>
    <None Include="HuecoDeDignatario.cpp">
      <Filter>TavernaLogic\Borad\Tavern</Filter>
    </None>
    <None Include="HuecoDeDignatario.h">
      <Filter>TavernaLogic\Borad\Tavern</Filter>
    </None>
    <None Include="HuecoDeMesa.cpp">
      <Filter>TavernaLogic\Borad\Tavern</Filter>
    </None>
    <None Include="HuecoDeMesa.h">
      <Filter>TavernaLogic\Borad\Tavern</Filter>
    </None>
    <None Include="HuecoDePropiedad.cpp">
      <Filter>TavernaLogic\Borad\Tavern</Filter>
    </None>
    <None Include="HuecoDePropiedad.h">
      <Filter>TavernaLogic\Borad\Tavern</Filter>
    </None>
    <None Include="Jugador.cpp">
      <Filter>TavernaLogic\Player</Filter>
    </None>
    <None Include="Jugador.h">
      <Filter>TavernaLogic\Player</Filter>
    </None>
    <None Include="MazoDeClientes.cpp">
      <Filter>TavernaLogic\Borad\Decks</Filter>
    </None>
    <None Include="MazoDeClientes.h">
      <Filter>TavernaLogic\Borad\Decks</Filter>
    </None>
    <None Include="MazoDeFavoresReales.cpp">
      <Filter>TavernaLogic\Borad\Decks</Filter>
    </None>
    <None Include="MazoDeFavoresReales.h">
      <Filter>TavernaLogic\Borad\Decks</Filter>
    </None>
    <None Include="MazoDeHechizos.cpp">
      <Filter>TavernaLogic\Borad\Decks</Filter>
    </None>
    <None Include="MazoDeHechizos.h">
      <Filter>TavernaLogic\Borad\Decks</Filter>
    </None>
    <None Include="Tablero.cpp">
      <Filter>TavernaLogic\Borad</Filter>
    </None>
    <None Include="Tablero.h">
      <Filter>TavernaLogic\Borad</Filter>
    </None>
    <None Include="Taverna.cpp">
      <Filter>TavernaLogic\Borad\Tavern</Filter>
    </None>
    <None Include="Taverna.h">
      <Filter>TavernaLogic\Borad\Tavern</Filter>
    </None>
    <None Include="RaceScore.cpp">
      <Filter>TavernaLogic\Borad\Scores</Filter>
    </None>
    <None Include="RaceScore.h">
      <Filter>TavernaLogic\Borad\Scores</Filter>
    </None>
    <None Include="ElvenScore.h" />
    <None Include="OrcScore.h">
      <Filter>TavernaLogic\Borad\Scores</Filter>
    </None>
    <None Include="HumanScore.cpp">
      <Filter>TavernaLogic\Borad\Scores</Filter>
    </None>
    <None Include="HumanScore.h">
      <Filter>TavernaLogic\Borad\Scores</Filter>
    </None>
    <None Include="OrcScore.cpp">
      <Filter>TavernaLogic\Borad\Scores</Filter>
    </None>
    <None Include="ElvenScore.cpp">
      <Filter>TavernaLogic\Borad\Scores</Filter>
    </None>
    <None Include="DwarfScore.cpp">
      <Filter>TavernaLogic\Borad\Scores</Filter>
    </None>
    <None Include="DwarfScore.h">
      <Filter>TavernaLogic\Borad\Scores</Filter>
    </None>
  </ItemGroup>
  <ItemGroup>
    <ResourceCompile Include="RoadToEngine.rc">
      <Filter>Core</Filter>
    </ResourceCompile>
  </ItemGroup>
</Project>